
Microsoft Visual Studio Solution File, Format Version 12.00
# Visual Studio Version 16
VisualStudioVersion = 16.0.29009.5
MinimumVisualStudioVersion = 10.0.40219.1
Project("{FAE04EC0-301F-11D3-BF4B-00C04F79EFBC}") = "autocomplete", "autocomplete\autocomplete.csproj", "{A26E1E27-48D0-4336-9A9E-65E5D8F8C3BF}"
EndProject
Global
	GlobalSection(SolutionConfigurationPlatforms) = preSolution
		Debug|Any CPU = Debug|Any CPU
		Release|Any CPU = Release|Any CPU
	EndGlobalSection
	GlobalSection(ProjectConfigurationPlatforms) = postSolution
		{A26E1E27-48D0-4336-9A9E-65E5D8F8C3BF}.Debug|Any CPU.ActiveCfg = Debug|Any CPU
		{A26E1E27-48D0-4336-9A9E-65E5D8F8C3BF}.Debug|Any CPU.Build.0 = Debug|Any CPU
		{A26E1E27-48D0-4336-9A9E-65E5D8F8C3BF}.Release|Any CPU.ActiveCfg = Release|Any CPU
		{A26E1E27-48D0-4336-9A9E-65E5D8F8C3BF}.Release|Any CPU.Build.0 = Release|Any CPU
	EndGlobalSection
	GlobalSection(SolutionProperties) = preSolution
		HideSolutionNode = FALSE
	EndGlobalSection
	GlobalSection(ExtensibilityGlobals) = postSolution
		SolutionGuid = {B9C5108E-C29F-4273-80CA-98DB99BDF0F2}
	EndGlobalSection
EndGlobal
